// !$*UTF8*$!
{
	archiveVersion = 1;
	classes = {
	};
	objectVersion = 52;
	objects = {

/* Begin PBXBuildFile section */
		8711C9302585901B00E09941 /* AppDelegate.swift in Sources */ = {isa = PBXBuildFile; fileRef = 8711C92F2585901B00E09941 /* AppDelegate.swift */; };
		8711C9322585901B00E09941 /* SceneDelegate.swift in Sources */ = {isa = PBXBuildFile; fileRef = 8711C9312585901B00E09941 /* SceneDelegate.swift */; };
		8711C9342585901B00E09941 /* ViewController.swift in Sources */ = {isa = PBXBuildFile; fileRef = 8711C9332585901B00E09941 /* ViewController.swift */; };
		8711C9372585901B00E09941 /* Main.storyboard in Resources */ = {isa = PBXBuildFile; fileRef = 8711C9352585901B00E09941 /* Main.storyboard */; };
		8711C9392585901D00E09941 /* Assets.xcassets in Resources */ = {isa = PBXBuildFile; fileRef = 8711C9382585901D00E09941 /* Assets.xcassets */; };
		8711C93C2585901D00E09941 /* LaunchScreen.storyboard in Resources */ = {isa = PBXBuildFile; fileRef = 8711C93A2585901D00E09941 /* LaunchScreen.storyboard */; };
		8711C946258590CA00E09941 /* Cosmos in Frameworks */ = {isa = PBXBuildFile; productRef = 8711C945258590CA00E09941 /* Cosmos */; };
		8711C94A2585A28A00E09941 /* Alamofire in Frameworks */ = {isa = PBXBuildFile; productRef = 8711C9492585A28A00E09941 /* Alamofire */; };
		8711C9562585A7E100E09941 /* JGProgressHUD in Frameworks */ = {isa = PBXBuildFile; productRef = 8711C9552585A7E100E09941 /* JGProgressHUD */; };
/* End PBXBuildFile section */

/* Begin PBXFileReference section */
		8711C92C2585901B00E09941 /* Customer Feedback.app */ = {isa = PBXFileReference; explicitFileType = wrapper.application; includeInIndex = 0; path = "Customer Feedback.app"; sourceTree = BUILT_PRODUCTS_DIR; };
		8711C92F2585901B00E09941 /* AppDelegate.swift */ = {isa = PBXFileReference; lastKnownFileType = sourcecode.swift; path = AppDelegate.swift; sourceTree = "<group>"; };
		8711C9312585901B00E09941 /* SceneDelegate.swift */ = {isa = PBXFileReference; lastKnownFileType = sourcecode.swift; path = SceneDelegate.swift; sourceTree = "<group>"; };
		8711C9332585901B00E09941 /* ViewController.swift */ = {isa = PBXFileReference; lastKnownFileType = sourcecode.swift; path = ViewController.swift; sourceTree = "<group>"; };
		8711C9362585901B00E09941 /* Base */ = {isa = PBXFileReference; lastKnownFileType = file.storyboard; name = Base; path = Base.lproj/Main.storyboard; sourceTree = "<group>"; };
		8711C9382585901D00E09941 /* Assets.xcassets */ = {isa = PBXFileReference; lastKnownFileType = folder.assetcatalog; path = Assets.xcassets; sourceTree = "<group>"; };
		8711C93B2585901D00E09941 /* Base */ = {isa = PBXFileReference; lastKnownFileType = file.storyboard; name = Base; path = Base.lproj/LaunchScreen.storyboard; sourceTree = "<group>"; };
		8711C93D2585901D00E09941 /* Info.plist */ = {isa = PBXFileReference; lastKnownFileType = text.plist.xml; path = Info.plist; sourceTree = "<group>"; };
/* End PBXFileReference section */

/* Begin PBXFrameworksBuildPhase section */
		8711C9292585901B00E09941 /* Frameworks */ = {
			isa = PBXFrameworksBuildPhase;
			buildActionMask = 2147483647;
			files = (
				8711C946258590CA00E09941 /* Cosmos in Frameworks */,
				8711C9562585A7E100E09941 /* JGProgressHUD in Frameworks */,
				8711C94A2585A28A00E09941 /* Alamofire in Frameworks */,
			);
			runOnlyForDeploymentPostprocessing = 0;
		};
/* End PBXFrameworksBuildPhase section */

/* Begin PBXGroup section */
		8711C9232585901B00E09941 = {
			isa = PBXGroup;
			children = (
				8711C92E2585901B00E09941 /* Customer Feedback */,
				8711C92D2585901B00E09941 /* Products */,
			);
			sourceTree = "<group>";
		};
		8711C92D2585901B00E09941 /* Products */ = {
			isa = PBXGroup;
			children = (
				8711C92C2585901B00E09941 /* Customer Feedback.app */,
			);
			name = Products;
			sourceTree = "<group>";
		};
		8711C92E2585901B00E09941 /* Customer Feedback */ = {
			isa = PBXGroup;
			children = (
				8711C92F2585901B00E09941 /* AppDelegate.swift */,
				8711C9312585901B00E09941 /* SceneDelegate.swift */,
				8711C9332585901B00E09941 /* ViewController.swift */,
				8711C9352585901B00E09941 /* Main.storyboard */,
				8711C9382585901D00E09941 /* Assets.xcassets */,
				8711C93A2585901D00E09941 /* LaunchScreen.storyboard */,
				8711C93D2585901D00E09941 /* Info.plist */,
			);
			path = "Customer Feedback";
			sourceTree = "<group>";
		};
/* End PBXGroup section */

/* Begin PBXNativeTarget section */
		8711C92B2585901B00E09941 /* Customer Feedback */ = {
			isa = PBXNativeTarget;
			buildConfigurationList = 8711C9402585901D00E09941 /* Build configuration list for PBXNativeTarget "Customer Feedback" */;
			buildPhases = (
				8711C9282585901B00E09941 /* Sources */,
				8711C9292585901B00E09941 /* Frameworks */,
				8711C92A2585901B00E09941 /* Resources */,
			);
			buildRules = (
			);
			dependencies = (
			);
			name = "Customer Feedback";
			packageProductDependencies = (
				8711C945258590CA00E09941 /* Cosmos */,
				8711C9492585A28A00E09941 /* Alamofire */,
				8711C9552585A7E100E09941 /* JGProgressHUD */,
			);
			productName = "Customer Feedback";
			productReference = 8711C92C2585901B00E09941 /* Customer Feedback.app */;
			productType = "com.apple.product-type.application";
		};
/* End PBXNativeTarget section */

/* Begin PBXProject section */
		8711C9242585901B00E09941 /* Project object */ = {
			isa = PBXProject;
			attributes = {
				LastSwiftUpdateCheck = 1220;
				LastUpgradeCheck = 1220;
				TargetAttributes = {
					8711C92B2585901B00E09941 = {
						CreatedOnToolsVersion = 12.2;
					};
				};
			};
			buildConfigurationList = 8711C9272585901B00E09941 /* Build configuration list for PBXProject "Customer Feedback" */;
			compatibilityVersion = "Xcode 9.3";
			developmentRegion = en;
			hasScannedForEncodings = 0;
			knownRegions = (
				en,
				Base,
			);
			mainGroup = 8711C9232585901B00E09941;
			packageReferences = (
				8711C944258590CA00E09941 /* XCRemoteSwiftPackageReference "Cosmos" */,
				8711C9482585A28A00E09941 /* XCRemoteSwiftPackageReference "Alamofire" */,
				8711C9542585A7E100E09941 /* XCRemoteSwiftPackageReference "JGProgressHUD" */,
			);
			productRefGroup = 8711C92D2585901B00E09941 /* Products */;
			projectDirPath = "";
			projectRoot = "";
			targets = (
				8711C92B2585901B00E09941 /* Customer Feedback */,
			);
		};
/* End PBXProject section */

/* Begin PBXResourcesBuildPhase section */
		8711C92A2585901B00E09941 /* Resources */ = {
			isa = PBXResourcesBuildPhase;
			buildActionMask = 2147483647;
			files = (
				8711C93C2585901D00E09941 /* LaunchScreen.storyboard in Resources */,
				8711C9392585901D00E09941 /* Assets.xcassets in Resources */,
				8711C9372585901B00E09941 /* Main.storyboard in Resources */,
			);
			runOnlyForDeploymentPostprocessing = 0;
		};
/* End PBXResourcesBuildPhase section */

/* Begin PBXSourcesBuildPhase section */
		8711C9282585901B00E09941 /* Sources */ = {
			isa = PBXSourcesBuildPhase;
			buildActionMask = 2147483647;
			files = (
				8711C9342585901B00E09941 /* ViewController.swift in Sources */,
				8711C9302585901B00E09941 /* AppDelegate.swift in Sources */,
				8711C9322585901B00E09941 /* SceneDelegate.swift in Sources */,
			);
			runOnlyForDeploymentPostprocessing = 0;
		};
/* End PBXSourcesBuildPhase section */

/* Begin PBXVariantGroup section */
		8711C9352585901B00E09941 /* Main.storyboard */ = {
			isa = PBXVariantGroup;
			children = (
				8711C9362585901B00E09941 /* Base */,
			);
			name = Main.storyboard;
			sourceTree = "<group>";
		};
		8711C93A2585901D00E09941 /* LaunchScreen.storyboard */ = {
			isa = PBXVariantGroup;
			children = (
				8711C93B2585901D00E09941 /* Base */,
			);
			name = LaunchScreen.storyboard;
			sourceTree = "<group>";
		};
/* End PBXVariantGroup section */

/* Begin XCBuildConfiguration section */
		8711C93E2585901D00E09941 /* Debug */ = {
			isa = XCBuildConfiguration;
			buildSettings = {
				ALWAYS_SEARCH_USER_PATHS = NO;
				CLANG_ANALYZER_NONNULL = YES;
				CLANG_ANALYZER_NUMBER_OBJECT_CONVERSION = YES_AGGRESSIVE;
				CLANG_CXX_LANGUAGE_STANDARD = "gnu++14";
				CLANG_CXX_LIBRARY = "libc++";
				CLANG_ENABLE_MODULES = YES;
				CLANG_ENABLE_OBJC_ARC = YES;
				CLANG_ENABLE_OBJC_WEAK = YES;
				CLANG_WARN_BLOCK_CAPTURE_AUTORELEASING = YES;
				CLANG_WARN_BOOL_CONVERSION = YES;
				CLANG_WARN_COMMA = YES;
				CLANG_WARN_CONSTANT_CONVERSION = YES;
				CLANG_WARN_DEPRECATED_OBJC_IMPLEMENTATIONS = YES;
				CLANG_WARN_DIRECT_OBJC_ISA_USAGE = YES_ERROR;
				CLANG_WARN_DOCUMENTATION_COMMENTS = YES;
				CLANG_WARN_EMPTY_BODY = YES;
				CLANG_WARN_ENUM_CONVERSION = YES;
				CLANG_WARN_INFINITE_RECURSION = YES;
				CLANG_WARN_INT_CONVERSION = YES;
				CLANG_WARN_NON_LITERAL_NULL_CONVERSION = YES;
				CLANG_WARN_OBJC_IMPLICIT_RETAIN_SELF = YES;
				CLANG_WARN_OBJC_LITERAL_CONVERSION = YES;
				CLANG_WARN_OBJC_ROOT_CLASS = YES_ERROR;
				CLANG_WARN_QUOTED_INCLUDE_IN_FRAMEWORK_HEADER = YES;
				CLANG_WARN_RANGE_LOOP_ANALYSIS = YES;
				CLANG_WARN_STRICT_PROTOTYPES = YES;
				CLANG_WARN_SUSPICIOUS_MOVE = YES;
				CLANG_WARN_UNGUARDED_AVAILABILITY = YES_AGGRESSIVE;
				CLANG_WARN_UNREACHABLE_CODE = YES;
				CLANG_WARN__DUPLICATE_METHOD_MATCH = YES;
				COPY_PHASE_STRIP = NO;
				DEBUG_INFORMATION_FORMAT = dwarf;
				ENABLE_STRICT_OBJC_MSGSEND = YES;
				ENABLE_TESTABILITY = YES;
				GCC_C_LANGUAGE_STANDARD = gnu11;
				GCC_DYNAMIC_NO_PIC = NO;
				GCC_NO_COMMON_BLOCKS = YES;
				GCC_OPTIMIZATION_LEVEL = 0;
				GCC_PREPROCESSOR_DEFINITIONS = (
					"DEBUG=1",
					"$(inherited)",
				);
				GCC_WARN_64_TO_32_BIT_CONVERSION = YES;
				GCC_WARN_ABOUT_RETURN_TYPE = YES_ERROR;
				GCC_WARN_UNDECLARED_SELECTOR = YES;
				GCC_WARN_UNINITIALIZED_AUTOS = YES_AGGRESSIVE;
				GCC_WARN_UNUSED_FUNCTION = YES;
				GCC_WARN_UNUSED_VARIABLE = YES;
				IPHONEOS_DEPLOYMENT_TARGET = 14.2;
				MTL_ENABLE_DEBUG_INFO = INCLUDE_SOURCE;
				MTL_FAST_MATH = YES;
				ONLY_ACTIVE_ARCH = YES;
				SDKROOT = iphoneos;
				SWIFT_ACTIVE_COMPILATION_CONDITIONS = DEBUG;
				SWIFT_OPTIMIZATION_LEVEL = "-Onone";
			};
			name = Debug;
		};
		8711C93F2585901D00E09941 /* Release */ = {
			isa = XCBuildConfiguration;
			buildSettings = {
				ALWAYS_SEARCH_USER_PATHS = NO;
				CLANG_ANALYZER_NONNULL = YES;
				CLANG_ANALYZER_NUMBER_OBJECT_CONVERSION = YES_AGGRESSIVE;
				CLANG_CXX_LANGUAGE_STANDARD = "gnu++14";
				CLANG_CXX_LIBRARY = "libc++";
				CLANG_ENABLE_MODULES = YES;
				CLANG_ENABLE_OBJC_ARC = YES;
				CLANG_ENABLE_OBJC_WEAK = YES;
				CLANG_WARN_BLOCK_CAPTURE_AUTORELEASING = YES;
				CLANG_WARN_BOOL_CONVERSION = YES;
				CLANG_WARN_COMMA = YES;
				CLANG_WARN_CONSTANT_CONVERSION = YES;
				CLANG_WARN_DEPRECATED_OBJC_IMPLEMENTATIONS = YES;
				CLANG_WARN_DIRECT_OBJC_ISA_USAGE = YES_ERROR;
				CLANG_WARN_DOCUMENTATION_COMMENTS = YES;
				CLANG_WARN_EMPTY_BODY = YES;
				CLANG_WARN_ENUM_CONVERSION = YES;
				CLANG_WARN_INFINITE_RECURSION = YES;
				CLANG_WARN_INT_CONVERSION = YES;
				CLANG_WARN_NON_LITERAL_NULL_CONVERSION = YES;
				CLANG_WARN_OBJC_IMPLICIT_RETAIN_SELF = YES;
				CLANG_WARN_OBJC_LITERAL_CONVERSION = YES;
				CLANG_WARN_OBJC_ROOT_CLASS = YES_ERROR;
				CLANG_WARN_QUOTED_INCLUDE_IN_FRAMEWORK_HEADER = YES;
				CLANG_WARN_RANGE_LOOP_ANALYSIS = YES;
				CLANG_WARN_STRICT_PROTOTYPES = YES;
				CLANG_WARN_SUSPICIOUS_MOVE = YES;
				CLANG_WARN_UNGUARDED_AVAILABILITY = YES_AGGRESSIVE;
				CLANG_WARN_UNREACHABLE_CODE = YES;
				CLANG_WARN__DUPLICATE_METHOD_MATCH = YES;
				COPY_PHASE_STRIP = NO;
				DEBUG_INFORMATION_FORMAT = "dwarf-with-dsym";
				ENABLE_NS_ASSERTIONS = NO;
				ENABLE_STRICT_OBJC_MSGSEND = YES;
				GCC_C_LANGUAGE_STANDARD = gnu11;
				GCC_NO_COMMON_BLOCKS = YES;
				GCC_WARN_64_TO_32_BIT_CONVERSION = YES;
				GCC_WARN_ABOUT_RETURN_TYPE = YES_ERROR;
				GCC_WARN_UNDECLARED_SELECTOR = YES;
				GCC_WARN_UNINITIALIZED_AUTOS = YES_AGGRESSIVE;
				GCC_WARN_UNUSED_FUNCTION = YES;
				GCC_WARN_UNUSED_VARIABLE = YES;
				IPHONEOS_DEPLOYMENT_TARGET = 14.2;
				MTL_ENABLE_DEBUG_INFO = NO;
				MTL_FAST_MATH = YES;
				SDKROOT = iphoneos;
				SWIFT_COMPILATION_MODE = wholemodule;
				SWIFT_OPTIMIZATION_LEVEL = "-O";
				VALIDATE_PRODUCT = YES;
			};
			name = Release;
		};
		8711C9412585901D00E09941 /* Debug */ = {
			isa = XCBuildConfiguration;
			buildSettings = {
				ASSETCATALOG_COMPILER_APPICON_NAME = AppIcon;
				ASSETCATALOG_COMPILER_GLOBAL_ACCENT_COLOR_NAME = AccentColor;
				CODE_SIGN_STYLE = Automatic;
				INFOPLIST_FILE = "Customer Feedback/Info.plist";
				LD_RUNPATH_SEARCH_PATHS = (
					"$(inherited)",
					"@executable_path/Frameworks",
				);
				PRODUCT_BUNDLE_IDENTIFIER = "Anshul.Customer-Feedback";
				PRODUCT_NAME = "$(TARGET_NAME)";
				SWIFT_VERSION = 5.0;
				TARGETED_DEVICE_FAMILY = "1,2";
			};
			name = Debug;
		};
		8711C9422585901D00E09941 /* Release */ = {
			isa = XCBuildConfiguration;
			buildSettings = {
				ASSETCATALOG_COMPILER_APPICON_NAME = AppIcon;
				ASSETCATALOG_COMPILER_GLOBAL_ACCENT_COLOR_NAME = AccentColor;
				CODE_SIGN_STYLE = Automatic;
				INFOPLIST_FILE = "Customer Feedback/Info.plist";
				LD_RUNPATH_SEARCH_PATHS = (
					"$(inherited)",
					"@executable_path/Frameworks",
				);
				PRODUCT_BUNDLE_IDENTIFIER = "Anshul.Customer-Feedback";
				PRODUCT_NAME = "$(TARGET_NAME)";
				SWIFT_VERSION = 5.0;
				TARGETED_DEVICE_FAMILY = "1,2";
			};
			name = Release;
		};
/* End XCBuildConfiguration section */

/* Begin XCConfigurationList section */
		8711C9272585901B00E09941 /* Build configuration list for PBXProject "Customer Feedback" */ = {
			isa = XCConfigurationList;
			buildConfigurations = (
				8711C93E2585901D00E09941 /* Debug */,
				8711C93F2585901D00E09941 /* Release */,
			);
			defaultConfigurationIsVisible = 0;
			defaultConfigurationName = Release;
		};
		8711C9402585901D00E09941 /* Build configuration list for PBXNativeTarget "Customer Feedback" */ = {
			isa = XCConfigurationList;
			buildConfigurations = (
				8711C9412585901D00E09941 /* Debug */,
				8711C9422585901D00E09941 /* Release */,
			);
			defaultConfigurationIsVisible = 0;
			defaultConfigurationName = Release;
		};
/* End XCConfigurationList section */

/* Begin XCRemoteSwiftPackageReference section */
		8711C944258590CA00E09941 /* XCRemoteSwiftPackageReference "Cosmos" */ = {
			isa = XCRemoteSwiftPackageReference;
			repositoryURL = "https://github.com/evgenyneu/Cosmos";
			requirement = {
				kind = upToNextMajorVersion;
				minimumVersion = 23.0.0;
			};
		};
		8711C9482585A28A00E09941 /* XCRemoteSwiftPackageReference "Alamofire" */ = {
			isa = XCRemoteSwiftPackageReference;
			repositoryURL = "https://github.com/Alamofire/Alamofire";
			requirement = {
				kind = upToNextMinorVersion;
				minimumVersion = 5.4.0;
			};
		};
		8711C9542585A7E100E09941 /* XCRemoteSwiftPackageReference "JGProgressHUD" */ = {
			isa = XCRemoteSwiftPackageReference;
			repositoryURL = "https://github.com/JonasGessner/JGProgressHUD";
			requirement = {
				kind = upToNextMinorVersion;
				minimumVersion = 2.2.0;
			};
		};
/* End XCRemoteSwiftPackageReference section */

/* Begin XCSwiftPackageProductDependency section */
		8711C945258590CA00E09941 /* Cosmos */ = {
			isa = XCSwiftPackageProductDependency;
			package = 8711C944258590CA00E09941 /* XCRemoteSwiftPackageReference "Cosmos" */;
			productName = Cosmos;
		};
		8711C9492585A28A00E09941 /* Alamofire */ = {
			isa = XCSwiftPackageProductDependency;
			package = 8711C9482585A28A00E09941 /* XCRemoteSwiftPackageReference "Alamofire" */;
			productName = Alamofire;
		};
		8711C9552585A7E100E09941 /* JGProgressHUD */ = {
			isa = XCSwiftPackageProductDependency;
			package = 8711C9542585A7E100E09941 /* XCRemoteSwiftPackageReference "JGProgressHUD" */;
			productName = JGProgressHUD;
		};
/* End XCSwiftPackageProductDependency section */
	};
	rootObject = 8711C9242585901B00E09941 /* Project object */;
}
