// !$*UTF8*$!
{
	archiveVersion = 1;
	classes = {
	};
	objectVersion = 52;
	objects = {

/* Begin PBXBuildFile section */
		5F795A6656C56DAB112E3536 /* Pods_Motivator.framework in Frameworks */ = {isa = PBXBuildFile; fileRef = 98764932EAF3CFE18B223BD8 /* Pods_Motivator.framework */; };
		8711C92125856DD700E09941 /* DailyChallengeTableViewCell.swift in Sources */ = {isa = PBXBuildFile; fileRef = 8711C91F25856DD700E09941 /* DailyChallengeTableViewCell.swift */; };
		8711C92225856DD700E09941 /* DailyChallengeTableViewCell.xib in Resources */ = {isa = PBXBuildFile; fileRef = 8711C92025856DD700E09941 /* DailyChallengeTableViewCell.xib */; };
		8711C95A2585AB2000E09941 /* Alamofire in Frameworks */ = {isa = PBXBuildFile; productRef = 8711C9592585AB2000E09941 /* Alamofire */; };
		8711C95F2585ABD500E09941 /* CustomerCommentVC.swift in Sources */ = {isa = PBXBuildFile; fileRef = 8711C95E2585ABD500E09941 /* CustomerCommentVC.swift */; };
		8711C9612585ACA700E09941 /* CustomerCommentCell.swift in Sources */ = {isa = PBXBuildFile; fileRef = 8711C9602585ACA700E09941 /* CustomerCommentCell.swift */; };
		872319B72581EB5E00AECA57 /* AppDelegate.swift in Sources */ = {isa = PBXBuildFile; fileRef = 872319B62581EB5E00AECA57 /* AppDelegate.swift */; };
		872319B92581EB5E00AECA57 /* SceneDelegate.swift in Sources */ = {isa = PBXBuildFile; fileRef = 872319B82581EB5E00AECA57 /* SceneDelegate.swift */; };
		872319BE2581EB5E00AECA57 /* Main.storyboard in Resources */ = {isa = PBXBuildFile; fileRef = 872319BC2581EB5E00AECA57 /* Main.storyboard */; };
		872319C02581EB6000AECA57 /* Assets.xcassets in Resources */ = {isa = PBXBuildFile; fileRef = 872319BF2581EB6000AECA57 /* Assets.xcassets */; };
		872319C32581EB6000AECA57 /* LaunchScreen.storyboard in Resources */ = {isa = PBXBuildFile; fileRef = 872319C12581EB6000AECA57 /* LaunchScreen.storyboard */; };
		872319CD2581EEC900AECA57 /* Conduit in Frameworks */ = {isa = PBXBuildFile; productRef = 872319CC2581EEC900AECA57 /* Conduit */; };
		872319DF2581F56400AECA57 /* DashboardViewController.swift in Sources */ = {isa = PBXBuildFile; fileRef = 872319DE2581F56400AECA57 /* DashboardViewController.swift */; };
		872319E32581F5B500AECA57 /* TodoListViewController.swift in Sources */ = {isa = PBXBuildFile; fileRef = 872319E22581F5B500AECA57 /* TodoListViewController.swift */; };
		872319E72581F74400AECA57 /* LoginViewController.swift in Sources */ = {isa = PBXBuildFile; fileRef = 872319E62581F74400AECA57 /* LoginViewController.swift */; };
		872319EB2581FA5A00AECA57 /* SideMenu in Frameworks */ = {isa = PBXBuildFile; productRef = 872319EA2581FA5A00AECA57 /* SideMenu */; };
		872319EE2582012C00AECA57 /* SideMenuViewController.swift in Sources */ = {isa = PBXBuildFile; fileRef = 872319ED2582012C00AECA57 /* SideMenuViewController.swift */; };
		872319F22582058F00AECA57 /* Cosmos in Frameworks */ = {isa = PBXBuildFile; productRef = 872319F12582058F00AECA57 /* Cosmos */; };
		872B02BC25863A3500CA4FBA /* RedemptionStoreVC.swift in Sources */ = {isa = PBXBuildFile; fileRef = 872B02BB25863A3500CA4FBA /* RedemptionStoreVC.swift */; };
		872B02BE25863BDD00CA4FBA /* ReedemptionCell.swift in Sources */ = {isa = PBXBuildFile; fileRef = 872B02BD25863BDD00CA4FBA /* ReedemptionCell.swift */; };
		87B6ED642584068800EE8694 /* SocketIO in Frameworks */ = {isa = PBXBuildFile; productRef = 87B6ED632584068800EE8694 /* SocketIO */; };
		87E12F90258361D10010B6D4 /* SwiftEntryKit in Frameworks */ = {isa = PBXBuildFile; productRef = 87E12F8F258361D10010B6D4 /* SwiftEntryKit */; };
		D3096ADB258335F7006EB685 /* TodoListTableViewCell.swift in Sources */ = {isa = PBXBuildFile; fileRef = D3096AD9258335F7006EB685 /* TodoListTableViewCell.swift */; };
		D3096ADC258335F7006EB685 /* TodoListTableViewCell.xib in Resources */ = {isa = PBXBuildFile; fileRef = D3096ADA258335F7006EB685 /* TodoListTableViewCell.xib */; };
		D3096AE72583619B006EB685 /* LeaderboardTableViewCell.swift in Sources */ = {isa = PBXBuildFile; fileRef = D3096AE52583619B006EB685 /* LeaderboardTableViewCell.swift */; };
		D3096AE82583619B006EB685 /* LeaderboardTableViewCell.xib in Resources */ = {isa = PBXBuildFile; fileRef = D3096AE62583619B006EB685 /* LeaderboardTableViewCell.xib */; };
		D3141E7E2586396E008EEF0C /* JGProgressHUD in Frameworks */ = {isa = PBXBuildFile; productRef = D3141E7D2586396E008EEF0C /* JGProgressHUD */; };
		D3141E8625864784008EEF0C /* InitialsImageView.swift in Sources */ = {isa = PBXBuildFile; fileRef = D3141E8525864784008EEF0C /* InitialsImageView.swift */; };
		D3141E8D2586482E008EEF0C /* StaffFeedCell.swift in Sources */ = {isa = PBXBuildFile; fileRef = D3141E8B2586482E008EEF0C /* StaffFeedCell.swift */; };
		D3141E9025865781008EEF0C /* QuotesViewController.swift in Sources */ = {isa = PBXBuildFile; fileRef = D3141E8F25865781008EEF0C /* QuotesViewController.swift */; };
		D3CEC8452584CA4F0095D08F /* UpcomingAppointmentTableViewCell.swift in Sources */ = {isa = PBXBuildFile; fileRef = D3CEC8432584CA4F0095D08F /* UpcomingAppointmentTableViewCell.swift */; };
		D3CEC8462584CA4F0095D08F /* UpcomingAppointmentTableViewCell.xib in Resources */ = {isa = PBXBuildFile; fileRef = D3CEC8442584CA4F0095D08F /* UpcomingAppointmentTableViewCell.xib */; };
		D3CEC8482584DD090095D08F /* StaffFeedViewController.swift in Sources */ = {isa = PBXBuildFile; fileRef = D3CEC8472584DD090095D08F /* StaffFeedViewController.swift */; };
		D3CEC8702585DB880095D08F /* OpenSans-SemiBold.ttf in Resources */ = {isa = PBXBuildFile; fileRef = D3CEC8652585DB880095D08F /* OpenSans-SemiBold.ttf */; };
		D3CEC8712585DB880095D08F /* OpenSans-Light.ttf in Resources */ = {isa = PBXBuildFile; fileRef = D3CEC8662585DB880095D08F /* OpenSans-Light.ttf */; };
		D3CEC8722585DB880095D08F /* OpenSans-Italic.ttf in Resources */ = {isa = PBXBuildFile; fileRef = D3CEC8672585DB880095D08F /* OpenSans-Italic.ttf */; };
		D3CEC8732585DB880095D08F /* OpenSans-ExtraBold.ttf in Resources */ = {isa = PBXBuildFile; fileRef = D3CEC8682585DB880095D08F /* OpenSans-ExtraBold.ttf */; };
		D3CEC8742585DB880095D08F /* OpenSans-LightItalic.ttf in Resources */ = {isa = PBXBuildFile; fileRef = D3CEC8692585DB880095D08F /* OpenSans-LightItalic.ttf */; };
		D3CEC8752585DB880095D08F /* OpenSans-Bold.ttf in Resources */ = {isa = PBXBuildFile; fileRef = D3CEC86A2585DB880095D08F /* OpenSans-Bold.ttf */; };
		D3CEC8762585DB880095D08F /* OpenSans-SemiBoldItalic.ttf in Resources */ = {isa = PBXBuildFile; fileRef = D3CEC86B2585DB880095D08F /* OpenSans-SemiBoldItalic.ttf */; };
		D3CEC8772585DB880095D08F /* OpenSans-ExtraBoldItalic.ttf in Resources */ = {isa = PBXBuildFile; fileRef = D3CEC86C2585DB880095D08F /* OpenSans-ExtraBoldItalic.ttf */; };
		D3CEC8782585DB880095D08F /* LICENSE.txt in Resources */ = {isa = PBXBuildFile; fileRef = D3CEC86D2585DB880095D08F /* LICENSE.txt */; };
		D3CEC8792585DB880095D08F /* OpenSans-Regular.ttf in Resources */ = {isa = PBXBuildFile; fileRef = D3CEC86E2585DB880095D08F /* OpenSans-Regular.ttf */; };
		D3CEC87A2585DB880095D08F /* OpenSans-BoldItalic.ttf in Resources */ = {isa = PBXBuildFile; fileRef = D3CEC86F2585DB880095D08F /* OpenSans-BoldItalic.ttf */; };
		D3CEC88C2585DDD50095D08F /* Segoe UI Bold.ttf in Resources */ = {isa = PBXBuildFile; fileRef = D3CEC88A2585DDD50095D08F /* Segoe UI Bold.ttf */; };
		D3CEC88D2585DDD50095D08F /* Segoe UI.ttf in Resources */ = {isa = PBXBuildFile; fileRef = D3CEC88B2585DDD50095D08F /* Segoe UI.ttf */; };
		D3CEC8942585EDC20095D08F /* SideMenuTableViewCell.swift in Sources */ = {isa = PBXBuildFile; fileRef = D3CEC8922585EDC20095D08F /* SideMenuTableViewCell.swift */; };
		D3CEC8952585EDC20095D08F /* SideMenuTableViewCell.xib in Resources */ = {isa = PBXBuildFile; fileRef = D3CEC8932585EDC20095D08F /* SideMenuTableViewCell.xib */; };
/* End PBXBuildFile section */

/* Begin PBXCopyFilesBuildPhase section */
		872319FF25821BC000AECA57 /* Embed Frameworks */ = {
			isa = PBXCopyFilesBuildPhase;
			buildActionMask = 2147483647;
			dstPath = "";
			dstSubfolderSpec = 10;
			files = (
			);
			name = "Embed Frameworks";
			runOnlyForDeploymentPostprocessing = 0;
		};
/* End PBXCopyFilesBuildPhase section */

/* Begin PBXFileReference section */
		8711C91F25856DD700E09941 /* DailyChallengeTableViewCell.swift */ = {isa = PBXFileReference; lastKnownFileType = sourcecode.swift; path = DailyChallengeTableViewCell.swift; sourceTree = "<group>"; };
		8711C92025856DD700E09941 /* DailyChallengeTableViewCell.xib */ = {isa = PBXFileReference; lastKnownFileType = file.xib; path = DailyChallengeTableViewCell.xib; sourceTree = "<group>"; };
		8711C95E2585ABD500E09941 /* CustomerCommentVC.swift */ = {isa = PBXFileReference; lastKnownFileType = sourcecode.swift; path = CustomerCommentVC.swift; sourceTree = "<group>"; };
		8711C9602585ACA700E09941 /* CustomerCommentCell.swift */ = {isa = PBXFileReference; lastKnownFileType = sourcecode.swift; path = CustomerCommentCell.swift; sourceTree = "<group>"; };
		872319B32581EB5E00AECA57 /* Motivator.app */ = {isa = PBXFileReference; explicitFileType = wrapper.application; includeInIndex = 0; path = Motivator.app; sourceTree = BUILT_PRODUCTS_DIR; };
		872319B62581EB5E00AECA57 /* AppDelegate.swift */ = {isa = PBXFileReference; lastKnownFileType = sourcecode.swift; path = AppDelegate.swift; sourceTree = "<group>"; };
		872319B82581EB5E00AECA57 /* SceneDelegate.swift */ = {isa = PBXFileReference; lastKnownFileType = sourcecode.swift; path = SceneDelegate.swift; sourceTree = "<group>"; };
		872319BD2581EB5E00AECA57 /* Base */ = {isa = PBXFileReference; lastKnownFileType = file.storyboard; name = Base; path = Base.lproj/Main.storyboard; sourceTree = "<group>"; };
		872319BF2581EB6000AECA57 /* Assets.xcassets */ = {isa = PBXFileReference; lastKnownFileType = folder.assetcatalog; path = Assets.xcassets; sourceTree = "<group>"; };
		872319C22581EB6000AECA57 /* Base */ = {isa = PBXFileReference; lastKnownFileType = file.storyboard; name = Base; path = Base.lproj/LaunchScreen.storyboard; sourceTree = "<group>"; };
		872319C42581EB6000AECA57 /* Info.plist */ = {isa = PBXFileReference; lastKnownFileType = text.plist.xml; path = Info.plist; sourceTree = "<group>"; };
		872319DE2581F56400AECA57 /* DashboardViewController.swift */ = {isa = PBXFileReference; lastKnownFileType = sourcecode.swift; path = DashboardViewController.swift; sourceTree = "<group>"; };
		872319E22581F5B500AECA57 /* TodoListViewController.swift */ = {isa = PBXFileReference; lastKnownFileType = sourcecode.swift; path = TodoListViewController.swift; sourceTree = "<group>"; };
		872319E62581F74400AECA57 /* LoginViewController.swift */ = {isa = PBXFileReference; lastKnownFileType = sourcecode.swift; path = LoginViewController.swift; sourceTree = "<group>"; };
		872319ED2582012C00AECA57 /* SideMenuViewController.swift */ = {isa = PBXFileReference; lastKnownFileType = sourcecode.swift; path = SideMenuViewController.swift; sourceTree = "<group>"; };
		872B02BB25863A3500CA4FBA /* RedemptionStoreVC.swift */ = {isa = PBXFileReference; lastKnownFileType = sourcecode.swift; path = RedemptionStoreVC.swift; sourceTree = "<group>"; };
		872B02BD25863BDD00CA4FBA /* ReedemptionCell.swift */ = {isa = PBXFileReference; lastKnownFileType = sourcecode.swift; path = ReedemptionCell.swift; sourceTree = "<group>"; };
		98764932EAF3CFE18B223BD8 /* Pods_Motivator.framework */ = {isa = PBXFileReference; explicitFileType = wrapper.framework; includeInIndex = 0; path = Pods_Motivator.framework; sourceTree = BUILT_PRODUCTS_DIR; };
		B2571460B8DC99F8218C1E33 /* Pods-Motivator.release.xcconfig */ = {isa = PBXFileReference; includeInIndex = 1; lastKnownFileType = text.xcconfig; name = "Pods-Motivator.release.xcconfig"; path = "Target Support Files/Pods-Motivator/Pods-Motivator.release.xcconfig"; sourceTree = "<group>"; };
		D3096AD9258335F7006EB685 /* TodoListTableViewCell.swift */ = {isa = PBXFileReference; lastKnownFileType = sourcecode.swift; path = TodoListTableViewCell.swift; sourceTree = "<group>"; };
		D3096ADA258335F7006EB685 /* TodoListTableViewCell.xib */ = {isa = PBXFileReference; lastKnownFileType = file.xib; path = TodoListTableViewCell.xib; sourceTree = "<group>"; };
		D3096AE52583619B006EB685 /* LeaderboardTableViewCell.swift */ = {isa = PBXFileReference; lastKnownFileType = sourcecode.swift; path = LeaderboardTableViewCell.swift; sourceTree = "<group>"; };
		D3096AE62583619B006EB685 /* LeaderboardTableViewCell.xib */ = {isa = PBXFileReference; lastKnownFileType = file.xib; path = LeaderboardTableViewCell.xib; sourceTree = "<group>"; };
		D3141E8525864784008EEF0C /* InitialsImageView.swift */ = {isa = PBXFileReference; lastKnownFileType = sourcecode.swift; path = InitialsImageView.swift; sourceTree = "<group>"; };
		D3141E8B2586482E008EEF0C /* StaffFeedCell.swift */ = {isa = PBXFileReference; lastKnownFileType = sourcecode.swift; path = StaffFeedCell.swift; sourceTree = "<group>"; };
		D3141E8F25865781008EEF0C /* QuotesViewController.swift */ = {isa = PBXFileReference; lastKnownFileType = sourcecode.swift; path = QuotesViewController.swift; sourceTree = "<group>"; };
		D3CEC8432584CA4F0095D08F /* UpcomingAppointmentTableViewCell.swift */ = {isa = PBXFileReference; lastKnownFileType = sourcecode.swift; path = UpcomingAppointmentTableViewCell.swift; sourceTree = "<group>"; };
		D3CEC8442584CA4F0095D08F /* UpcomingAppointmentTableViewCell.xib */ = {isa = PBXFileReference; lastKnownFileType = file.xib; path = UpcomingAppointmentTableViewCell.xib; sourceTree = "<group>"; };
		D3CEC8472584DD090095D08F /* StaffFeedViewController.swift */ = {isa = PBXFileReference; lastKnownFileType = sourcecode.swift; path = StaffFeedViewController.swift; sourceTree = "<group>"; };
		D3CEC8652585DB880095D08F /* OpenSans-SemiBold.ttf */ = {isa = PBXFileReference; lastKnownFileType = file; path = "OpenSans-SemiBold.ttf"; sourceTree = "<group>"; };
		D3CEC8662585DB880095D08F /* OpenSans-Light.ttf */ = {isa = PBXFileReference; lastKnownFileType = file; path = "OpenSans-Light.ttf"; sourceTree = "<group>"; };
		D3CEC8672585DB880095D08F /* OpenSans-Italic.ttf */ = {isa = PBXFileReference; lastKnownFileType = file; path = "OpenSans-Italic.ttf"; sourceTree = "<group>"; };
		D3CEC8682585DB880095D08F /* OpenSans-ExtraBold.ttf */ = {isa = PBXFileReference; lastKnownFileType = file; path = "OpenSans-ExtraBold.ttf"; sourceTree = "<group>"; };
		D3CEC8692585DB880095D08F /* OpenSans-LightItalic.ttf */ = {isa = PBXFileReference; lastKnownFileType = file; path = "OpenSans-LightItalic.ttf"; sourceTree = "<group>"; };
		D3CEC86A2585DB880095D08F /* OpenSans-Bold.ttf */ = {isa = PBXFileReference; lastKnownFileType = file; path = "OpenSans-Bold.ttf"; sourceTree = "<group>"; };
		D3CEC86B2585DB880095D08F /* OpenSans-SemiBoldItalic.ttf */ = {isa = PBXFileReference; lastKnownFileType = file; path = "OpenSans-SemiBoldItalic.ttf"; sourceTree = "<group>"; };
		D3CEC86C2585DB880095D08F /* OpenSans-ExtraBoldItalic.ttf */ = {isa = PBXFileReference; lastKnownFileType = file; path = "OpenSans-ExtraBoldItalic.ttf"; sourceTree = "<group>"; };
		D3CEC86D2585DB880095D08F /* LICENSE.txt */ = {isa = PBXFileReference; fileEncoding = 4; lastKnownFileType = text; path = LICENSE.txt; sourceTree = "<group>"; };
		D3CEC86E2585DB880095D08F /* OpenSans-Regular.ttf */ = {isa = PBXFileReference; lastKnownFileType = file; path = "OpenSans-Regular.ttf"; sourceTree = "<group>"; };
		D3CEC86F2585DB880095D08F /* OpenSans-BoldItalic.ttf */ = {isa = PBXFileReference; lastKnownFileType = file; path = "OpenSans-BoldItalic.ttf"; sourceTree = "<group>"; };
		D3CEC8852585DD7E0095D08F /* Segoe UI Italic.ttf */ = {isa = PBXFileReference; lastKnownFileType = file; path = "Segoe UI Italic.ttf"; sourceTree = "<group>"; };
		D3CEC8862585DD7E0095D08F /* Segoe UI Bold Italic.ttf */ = {isa = PBXFileReference; lastKnownFileType = file; path = "Segoe UI Bold Italic.ttf"; sourceTree = "<group>"; };
		D3CEC88A2585DDD50095D08F /* Segoe UI Bold.ttf */ = {isa = PBXFileReference; lastKnownFileType = file; path = "Segoe UI Bold.ttf"; sourceTree = "<group>"; };
		D3CEC88B2585DDD50095D08F /* Segoe UI.ttf */ = {isa = PBXFileReference; lastKnownFileType = file; path = "Segoe UI.ttf"; sourceTree = "<group>"; };
		D3CEC8922585EDC20095D08F /* SideMenuTableViewCell.swift */ = {isa = PBXFileReference; lastKnownFileType = sourcecode.swift; path = SideMenuTableViewCell.swift; sourceTree = "<group>"; };
		D3CEC8932585EDC20095D08F /* SideMenuTableViewCell.xib */ = {isa = PBXFileReference; lastKnownFileType = file.xib; path = SideMenuTableViewCell.xib; sourceTree = "<group>"; };
		F097CAC9A2CBF9F8903DE0ED /* Pods-Motivator.debug.xcconfig */ = {isa = PBXFileReference; includeInIndex = 1; lastKnownFileType = text.xcconfig; name = "Pods-Motivator.debug.xcconfig"; path = "Target Support Files/Pods-Motivator/Pods-Motivator.debug.xcconfig"; sourceTree = "<group>"; };
/* End PBXFileReference section */

/* Begin PBXFrameworksBuildPhase section */
		872319B02581EB5E00AECA57 /* Frameworks */ = {
			isa = PBXFrameworksBuildPhase;
			buildActionMask = 2147483647;
			files = (
				872319CD2581EEC900AECA57 /* Conduit in Frameworks */,
				8711C95A2585AB2000E09941 /* Alamofire in Frameworks */,
				872319EB2581FA5A00AECA57 /* SideMenu in Frameworks */,
				87E12F90258361D10010B6D4 /* SwiftEntryKit in Frameworks */,
				D3141E7E2586396E008EEF0C /* JGProgressHUD in Frameworks */,
				872319F22582058F00AECA57 /* Cosmos in Frameworks */,
				5F795A6656C56DAB112E3536 /* Pods_Motivator.framework in Frameworks */,
				87B6ED642584068800EE8694 /* SocketIO in Frameworks */,
			);
			runOnlyForDeploymentPostprocessing = 0;
		};
/* End PBXFrameworksBuildPhase section */

/* Begin PBXGroup section */
		47FAC2A2D928C87B41258FCB /* Pods */ = {
			isa = PBXGroup;
			children = (
				F097CAC9A2CBF9F8903DE0ED /* Pods-Motivator.debug.xcconfig */,
				B2571460B8DC99F8218C1E33 /* Pods-Motivator.release.xcconfig */,
			);
			path = Pods;
			sourceTree = "<group>";
		};
		872319AA2581EB5E00AECA57 = {
			isa = PBXGroup;
			children = (
				872319B52581EB5E00AECA57 /* Motivator */,
				872319B42581EB5E00AECA57 /* Products */,
				87231A0025821C2700AECA57 /* Frameworks */,
				47FAC2A2D928C87B41258FCB /* Pods */,
			);
			sourceTree = "<group>";
		};
		872319B42581EB5E00AECA57 /* Products */ = {
			isa = PBXGroup;
			children = (
				872319B32581EB5E00AECA57 /* Motivator.app */,
			);
			name = Products;
			sourceTree = "<group>";
		};
		872319B52581EB5E00AECA57 /* Motivator */ = {
			isa = PBXGroup;
			children = (
				872319D42581F49700AECA57 /* Dashboard */,
				872319D32581F48D00AECA57 /* Login */,
				872319B62581EB5E00AECA57 /* AppDelegate.swift */,
				872319B82581EB5E00AECA57 /* SceneDelegate.swift */,
				872319BC2581EB5E00AECA57 /* Main.storyboard */,
				872319BF2581EB6000AECA57 /* Assets.xcassets */,
				872319C12581EB6000AECA57 /* LaunchScreen.storyboard */,
				872319C42581EB6000AECA57 /* Info.plist */,
				D3CEC8642585DB880095D08F /* Fonts */,
			);
			path = Motivator;
			sourceTree = "<group>";
		};
		872319D32581F48D00AECA57 /* Login */ = {
			isa = PBXGroup;
			children = (
				872319E62581F74400AECA57 /* LoginViewController.swift */,
			);
			path = Login;
			sourceTree = "<group>";
		};
		872319D42581F49700AECA57 /* Dashboard */ = {
			isa = PBXGroup;
			children = (
				D3141E7F258645C7008EEF0C /* Motivational Quotes */,
				872B02BA258639FB00CA4FBA /* Reedemtion Stoe */,
				872319DC2581F52200AECA57 /* Side Menu */,
				872319DB2581F50900AECA57 /* Daily Challenge */,
				872319DA2581F4F500AECA57 /* Staff Feed */,
				872319D92581F4E700AECA57 /* Comments */,
				872319D82581F4DA00AECA57 /* Leaderboard */,
				872319D72581F4BE00AECA57 /* Upcoming Appointment */,
				872319D62581F4AE00AECA57 /* ToDo */,
				872319DE2581F56400AECA57 /* DashboardViewController.swift */,
			);
			path = Dashboard;
			sourceTree = "<group>";
		};
		872319D62581F4AE00AECA57 /* ToDo */ = {
			isa = PBXGroup;
			children = (
				872319E22581F5B500AECA57 /* TodoListViewController.swift */,
				D3096AD9258335F7006EB685 /* TodoListTableViewCell.swift */,
				D3096ADA258335F7006EB685 /* TodoListTableViewCell.xib */,
			);
			path = ToDo;
			sourceTree = "<group>";
		};
		872319D72581F4BE00AECA57 /* Upcoming Appointment */ = {
			isa = PBXGroup;
			children = (
				D3CEC8432584CA4F0095D08F /* UpcomingAppointmentTableViewCell.swift */,
				D3CEC8442584CA4F0095D08F /* UpcomingAppointmentTableViewCell.xib */,
			);
			path = "Upcoming Appointment";
			sourceTree = "<group>";
		};
		872319D82581F4DA00AECA57 /* Leaderboard */ = {
			isa = PBXGroup;
			children = (
				D3096AE52583619B006EB685 /* LeaderboardTableViewCell.swift */,
				D3096AE62583619B006EB685 /* LeaderboardTableViewCell.xib */,
			);
			path = Leaderboard;
			sourceTree = "<group>";
		};
		872319D92581F4E700AECA57 /* Comments */ = {
			isa = PBXGroup;
			children = (
				8711C95E2585ABD500E09941 /* CustomerCommentVC.swift */,
				8711C9602585ACA700E09941 /* CustomerCommentCell.swift */,
			);
			path = Comments;
			sourceTree = "<group>";
		};
		872319DA2581F4F500AECA57 /* Staff Feed */ = {
			isa = PBXGroup;
			children = (
				D3CEC8472584DD090095D08F /* StaffFeedViewController.swift */,
				D3141E8525864784008EEF0C /* InitialsImageView.swift */,
				D3141E8B2586482E008EEF0C /* StaffFeedCell.swift */,
			);
			path = "Staff Feed";
			sourceTree = "<group>";
		};
		872319DB2581F50900AECA57 /* Daily Challenge */ = {
			isa = PBXGroup;
			children = (
				8711C91F25856DD700E09941 /* DailyChallengeTableViewCell.swift */,
				8711C92025856DD700E09941 /* DailyChallengeTableViewCell.xib */,
			);
			path = "Daily Challenge";
			sourceTree = "<group>";
		};
		872319DC2581F52200AECA57 /* Side Menu */ = {
			isa = PBXGroup;
			children = (
				872319ED2582012C00AECA57 /* SideMenuViewController.swift */,
				D3CEC8922585EDC20095D08F /* SideMenuTableViewCell.swift */,
				D3CEC8932585EDC20095D08F /* SideMenuTableViewCell.xib */,
			);
			path = "Side Menu";
			sourceTree = "<group>";
		};
		87231A0025821C2700AECA57 /* Frameworks */ = {
			isa = PBXGroup;
			children = (
				98764932EAF3CFE18B223BD8 /* Pods_Motivator.framework */,
			);
			name = Frameworks;
			sourceTree = "<group>";
		};
		872B02BA258639FB00CA4FBA /* Reedemtion Stoe */ = {
			isa = PBXGroup;
			children = (
				872B02BB25863A3500CA4FBA /* RedemptionStoreVC.swift */,
				872B02BD25863BDD00CA4FBA /* ReedemptionCell.swift */,
			);
			path = "Reedemtion Stoe";
			sourceTree = "<group>";
		};
		D3141E7F258645C7008EEF0C /* Motivational Quotes */ = {
			isa = PBXGroup;
			children = (
				D3141E8F25865781008EEF0C /* QuotesViewController.swift */,
			);
			path = "Motivational Quotes";
			sourceTree = "<group>";
		};
		D3CEC8642585DB880095D08F /* Fonts */ = {
			isa = PBXGroup;
			children = (
				D3CEC8892585DD9B0095D08F /* Segoe UI */,
				D3CEC87B2585DCDC0095D08F /* OpenSans */,
			);
			path = Fonts;
			sourceTree = "<group>";
		};
		D3CEC87B2585DCDC0095D08F /* OpenSans */ = {
			isa = PBXGroup;
			children = (
				D3CEC8652585DB880095D08F /* OpenSans-SemiBold.ttf */,
				D3CEC8662585DB880095D08F /* OpenSans-Light.ttf */,
				D3CEC8672585DB880095D08F /* OpenSans-Italic.ttf */,
				D3CEC8682585DB880095D08F /* OpenSans-ExtraBold.ttf */,
				D3CEC8692585DB880095D08F /* OpenSans-LightItalic.ttf */,
				D3CEC86A2585DB880095D08F /* OpenSans-Bold.ttf */,
				D3CEC86B2585DB880095D08F /* OpenSans-SemiBoldItalic.ttf */,
				D3CEC86C2585DB880095D08F /* OpenSans-ExtraBoldItalic.ttf */,
				D3CEC86D2585DB880095D08F /* LICENSE.txt */,
				D3CEC86E2585DB880095D08F /* OpenSans-Regular.ttf */,
				D3CEC86F2585DB880095D08F /* OpenSans-BoldItalic.ttf */,
			);
			path = OpenSans;
			sourceTree = "<group>";
		};
		D3CEC8892585DD9B0095D08F /* Segoe UI */ = {
			isa = PBXGroup;
			children = (
				D3CEC88A2585DDD50095D08F /* Segoe UI Bold.ttf */,
				D3CEC88B2585DDD50095D08F /* Segoe UI.ttf */,
				D3CEC8862585DD7E0095D08F /* Segoe UI Bold Italic.ttf */,
				D3CEC8852585DD7E0095D08F /* Segoe UI Italic.ttf */,
			);
			path = "Segoe UI";
			sourceTree = "<group>";
		};
/* End PBXGroup section */

/* Begin PBXNativeTarget section */
		872319B22581EB5E00AECA57 /* Motivator */ = {
			isa = PBXNativeTarget;
			buildConfigurationList = 872319C72581EB6000AECA57 /* Build configuration list for PBXNativeTarget "Motivator" */;
			buildPhases = (
				30F029E439BBF2AACFE1CA7A /* [CP] Check Pods Manifest.lock */,
				872319AF2581EB5E00AECA57 /* Sources */,
				872319B02581EB5E00AECA57 /* Frameworks */,
				872319B12581EB5E00AECA57 /* Resources */,
				872319FF25821BC000AECA57 /* Embed Frameworks */,
				D1CBE5E2E8C775C2D76F5F0F /* [CP] Embed Pods Frameworks */,
			);
			buildRules = (
			);
			dependencies = (
			);
			name = Motivator;
			packageProductDependencies = (
				872319CC2581EEC900AECA57 /* Conduit */,
				872319EA2581FA5A00AECA57 /* SideMenu */,
				872319F12582058F00AECA57 /* Cosmos */,
				87E12F8F258361D10010B6D4 /* SwiftEntryKit */,
				87B6ED632584068800EE8694 /* SocketIO */,
				8711C9592585AB2000E09941 /* Alamofire */,
				D3141E7D2586396E008EEF0C /* JGProgressHUD */,
			);
			productName = Motivator;
			productReference = 872319B32581EB5E00AECA57 /* Motivator.app */;
			productType = "com.apple.product-type.application";
		};
/* End PBXNativeTarget section */

/* Begin PBXProject section */
		872319AB2581EB5E00AECA57 /* Project object */ = {
			isa = PBXProject;
			attributes = {
				LastSwiftUpdateCheck = 1220;
				LastUpgradeCheck = 1220;
				TargetAttributes = {
					872319B22581EB5E00AECA57 = {
						CreatedOnToolsVersion = 12.2;
					};
				};
			};
			buildConfigurationList = 872319AE2581EB5E00AECA57 /* Build configuration list for PBXProject "Motivator" */;
			compatibilityVersion = "Xcode 9.3";
			developmentRegion = en;
			hasScannedForEncodings = 0;
			knownRegions = (
				en,
				Base,
			);
			mainGroup = 872319AA2581EB5E00AECA57;
			packageReferences = (
				872319CB2581EEC900AECA57 /* XCRemoteSwiftPackageReference "Conduit" */,
				872319E92581FA5A00AECA57 /* XCRemoteSwiftPackageReference "SideMenu" */,
				872319F02582058F00AECA57 /* XCRemoteSwiftPackageReference "Cosmos" */,
				87E12F8E258361D10010B6D4 /* XCRemoteSwiftPackageReference "SwiftEntryKit" */,
				87B6ED622584068800EE8694 /* XCRemoteSwiftPackageReference "socket" */,
				8711C9582585AB2000E09941 /* XCRemoteSwiftPackageReference "Alamofire" */,
				D3141E7C2586396E008EEF0C /* XCRemoteSwiftPackageReference "JGProgressHUD" */,
			);
			productRefGroup = 872319B42581EB5E00AECA57 /* Products */;
			projectDirPath = "";
			projectRoot = "";
			targets = (
				872319B22581EB5E00AECA57 /* Motivator */,
			);
		};
/* End PBXProject section */

/* Begin PBXResourcesBuildPhase section */
		872319B12581EB5E00AECA57 /* Resources */ = {
			isa = PBXResourcesBuildPhase;
			buildActionMask = 2147483647;
			files = (
				872319C32581EB6000AECA57 /* LaunchScreen.storyboard in Resources */,
				D3CEC8732585DB880095D08F /* OpenSans-ExtraBold.ttf in Resources */,
				D3CEC8742585DB880095D08F /* OpenSans-LightItalic.ttf in Resources */,
				872319C02581EB6000AECA57 /* Assets.xcassets in Resources */,
				D3CEC88C2585DDD50095D08F /* Segoe UI Bold.ttf in Resources */,
				8711C92225856DD700E09941 /* DailyChallengeTableViewCell.xib in Resources */,
				D3CEC8722585DB880095D08F /* OpenSans-Italic.ttf in Resources */,
				D3CEC87A2585DB880095D08F /* OpenSans-BoldItalic.ttf in Resources */,
				872319BE2581EB5E00AECA57 /* Main.storyboard in Resources */,
				D3CEC8952585EDC20095D08F /* SideMenuTableViewCell.xib in Resources */,
				D3CEC8772585DB880095D08F /* OpenSans-ExtraBoldItalic.ttf in Resources */,
				D3CEC8702585DB880095D08F /* OpenSans-SemiBold.ttf in Resources */,
				D3CEC8462584CA4F0095D08F /* UpcomingAppointmentTableViewCell.xib in Resources */,
				D3CEC8712585DB880095D08F /* OpenSans-Light.ttf in Resources */,
				D3CEC8752585DB880095D08F /* OpenSans-Bold.ttf in Resources */,
				D3CEC8782585DB880095D08F /* LICENSE.txt in Resources */,
				D3096AE82583619B006EB685 /* LeaderboardTableViewCell.xib in Resources */,
				D3CEC8792585DB880095D08F /* OpenSans-Regular.ttf in Resources */,
				D3CEC88D2585DDD50095D08F /* Segoe UI.ttf in Resources */,
				D3CEC8762585DB880095D08F /* OpenSans-SemiBoldItalic.ttf in Resources */,
				D3096ADC258335F7006EB685 /* TodoListTableViewCell.xib in Resources */,
			);
			runOnlyForDeploymentPostprocessing = 0;
		};
/* End PBXResourcesBuildPhase section */

/* Begin PBXShellScriptBuildPhase section */
		30F029E439BBF2AACFE1CA7A /* [CP] Check Pods Manifest.lock */ = {
			isa = PBXShellScriptBuildPhase;
			buildActionMask = 2147483647;
			files = (
			);
			inputFileListPaths = (
			);
			inputPaths = (
				"${PODS_PODFILE_DIR_PATH}/Podfile.lock",
				"${PODS_ROOT}/Manifest.lock",
			);
			name = "[CP] Check Pods Manifest.lock";
			outputFileListPaths = (
			);
			outputPaths = (
				"$(DERIVED_FILE_DIR)/Pods-Motivator-checkManifestLockResult.txt",
			);
			runOnlyForDeploymentPostprocessing = 0;
			shellPath = /bin/sh;
			shellScript = "diff \"${PODS_PODFILE_DIR_PATH}/Podfile.lock\" \"${PODS_ROOT}/Manifest.lock\" > /dev/null\nif [ $? != 0 ] ; then\n    # print error to STDERR\n    echo \"error: The sandbox is not in sync with the Podfile.lock. Run 'pod install' or update your CocoaPods installation.\" >&2\n    exit 1\nfi\n# This output is used by Xcode 'outputs' to avoid re-running this script phase.\necho \"SUCCESS\" > \"${SCRIPT_OUTPUT_FILE_0}\"\n";
			showEnvVarsInLog = 0;
		};
		D1CBE5E2E8C775C2D76F5F0F /* [CP] Embed Pods Frameworks */ = {
			isa = PBXShellScriptBuildPhase;
			buildActionMask = 2147483647;
			files = (
			);
			inputFileListPaths = (
				"${PODS_ROOT}/Target Support Files/Pods-Motivator/Pods-Motivator-frameworks-${CONFIGURATION}-input-files.xcfilelist",
			);
			name = "[CP] Embed Pods Frameworks";
			outputFileListPaths = (
				"${PODS_ROOT}/Target Support Files/Pods-Motivator/Pods-Motivator-frameworks-${CONFIGURATION}-output-files.xcfilelist",
			);
			runOnlyForDeploymentPostprocessing = 0;
			shellPath = /bin/sh;
			shellScript = "\"${PODS_ROOT}/Target Support Files/Pods-Motivator/Pods-Motivator-frameworks.sh\"\n";
			showEnvVarsInLog = 0;
		};
/* End PBXShellScriptBuildPhase section */

/* Begin PBXSourcesBuildPhase section */
		872319AF2581EB5E00AECA57 /* Sources */ = {
			isa = PBXSourcesBuildPhase;
			buildActionMask = 2147483647;
			files = (
				D3CEC8942585EDC20095D08F /* SideMenuTableViewCell.swift in Sources */,
				872319B72581EB5E00AECA57 /* AppDelegate.swift in Sources */,
				D3CEC8452584CA4F0095D08F /* UpcomingAppointmentTableViewCell.swift in Sources */,
				D3141E8D2586482E008EEF0C /* StaffFeedCell.swift in Sources */,
				872B02BE25863BDD00CA4FBA /* ReedemptionCell.swift in Sources */,
				D3096AE72583619B006EB685 /* LeaderboardTableViewCell.swift in Sources */,
				D3CEC8482584DD090095D08F /* StaffFeedViewController.swift in Sources */,
				D3141E8625864784008EEF0C /* InitialsImageView.swift in Sources */,
				872B02BC25863A3500CA4FBA /* RedemptionStoreVC.swift in Sources */,
				8711C9612585ACA700E09941 /* CustomerCommentCell.swift in Sources */,
				872319B92581EB5E00AECA57 /* SceneDelegate.swift in Sources */,
				D3096ADB258335F7006EB685 /* TodoListTableViewCell.swift in Sources */,
				8711C92125856DD700E09941 /* DailyChallengeTableViewCell.swift in Sources */,
				872319DF2581F56400AECA57 /* DashboardViewController.swift in Sources */,
				8711C95F2585ABD500E09941 /* CustomerCommentVC.swift in Sources */,
				872319E72581F74400AECA57 /* LoginViewController.swift in Sources */,
				D3141E9025865781008EEF0C /* QuotesViewController.swift in Sources */,
				872319EE2582012C00AECA57 /* SideMenuViewController.swift in Sources */,
				872319E32581F5B500AECA57 /* TodoListViewController.swift in Sources */,
			);
			runOnlyForDeploymentPostprocessing = 0;
		};
/* End PBXSourcesBuildPhase section */

/* Begin PBXVariantGroup section */
		872319BC2581EB5E00AECA57 /* Main.storyboard */ = {
			isa = PBXVariantGroup;
			children = (
				872319BD2581EB5E00AECA57 /* Base */,
			);
			name = Main.storyboard;
			sourceTree = "<group>";
		};
		872319C12581EB6000AECA57 /* LaunchScreen.storyboard */ = {
			isa = PBXVariantGroup;
			children = (
				872319C22581EB6000AECA57 /* Base */,
			);
			name = LaunchScreen.storyboard;
			sourceTree = "<group>";
		};
/* End PBXVariantGroup section */

/* Begin XCBuildConfiguration section */
		872319C52581EB6000AECA57 /* Debug */ = {
			isa = XCBuildConfiguration;
			buildSettings = {
				ALWAYS_SEARCH_USER_PATHS = NO;
				CLANG_ANALYZER_NONNULL = YES;
				CLANG_ANALYZER_NUMBER_OBJECT_CONVERSION = YES_AGGRESSIVE;
				CLANG_CXX_LANGUAGE_STANDARD = "gnu++14";
				CLANG_CXX_LIBRARY = "libc++";
				CLANG_ENABLE_MODULES = YES;
				CLANG_ENABLE_OBJC_ARC = YES;
				CLANG_ENABLE_OBJC_WEAK = YES;
				CLANG_WARN_BLOCK_CAPTURE_AUTORELEASING = YES;
				CLANG_WARN_BOOL_CONVERSION = YES;
				CLANG_WARN_COMMA = YES;
				CLANG_WARN_CONSTANT_CONVERSION = YES;
				CLANG_WARN_DEPRECATED_OBJC_IMPLEMENTATIONS = YES;
				CLANG_WARN_DIRECT_OBJC_ISA_USAGE = YES_ERROR;
				CLANG_WARN_DOCUMENTATION_COMMENTS = YES;
				CLANG_WARN_EMPTY_BODY = YES;
				CLANG_WARN_ENUM_CONVERSION = YES;
				CLANG_WARN_INFINITE_RECURSION = YES;
				CLANG_WARN_INT_CONVERSION = YES;
				CLANG_WARN_NON_LITERAL_NULL_CONVERSION = YES;
				CLANG_WARN_OBJC_IMPLICIT_RETAIN_SELF = YES;
				CLANG_WARN_OBJC_LITERAL_CONVERSION = YES;
				CLANG_WARN_OBJC_ROOT_CLASS = YES_ERROR;
				CLANG_WARN_QUOTED_INCLUDE_IN_FRAMEWORK_HEADER = YES;
				CLANG_WARN_RANGE_LOOP_ANALYSIS = YES;
				CLANG_WARN_STRICT_PROTOTYPES = YES;
				CLANG_WARN_SUSPICIOUS_MOVE = YES;
				CLANG_WARN_UNGUARDED_AVAILABILITY = YES_AGGRESSIVE;
				CLANG_WARN_UNREACHABLE_CODE = YES;
				CLANG_WARN__DUPLICATE_METHOD_MATCH = YES;
				COPY_PHASE_STRIP = NO;
				DEBUG_INFORMATION_FORMAT = dwarf;
				ENABLE_STRICT_OBJC_MSGSEND = YES;
				ENABLE_TESTABILITY = YES;
				GCC_C_LANGUAGE_STANDARD = gnu11;
				GCC_DYNAMIC_NO_PIC = NO;
				GCC_NO_COMMON_BLOCKS = YES;
				GCC_OPTIMIZATION_LEVEL = 0;
				GCC_PREPROCESSOR_DEFINITIONS = (
					"DEBUG=1",
					"$(inherited)",
				);
				GCC_WARN_64_TO_32_BIT_CONVERSION = YES;
				GCC_WARN_ABOUT_RETURN_TYPE = YES_ERROR;
				GCC_WARN_UNDECLARED_SELECTOR = YES;
				GCC_WARN_UNINITIALIZED_AUTOS = YES_AGGRESSIVE;
				GCC_WARN_UNUSED_FUNCTION = YES;
				GCC_WARN_UNUSED_VARIABLE = YES;
				IPHONEOS_DEPLOYMENT_TARGET = 13.0;
				MTL_ENABLE_DEBUG_INFO = INCLUDE_SOURCE;
				MTL_FAST_MATH = YES;
				ONLY_ACTIVE_ARCH = YES;
				SDKROOT = iphoneos;
				SWIFT_ACTIVE_COMPILATION_CONDITIONS = DEBUG;
				SWIFT_OPTIMIZATION_LEVEL = "-Onone";
			};
			name = Debug;
		};
		872319C62581EB6000AECA57 /* Release */ = {
			isa = XCBuildConfiguration;
			buildSettings = {
				ALWAYS_SEARCH_USER_PATHS = NO;
				CLANG_ANALYZER_NONNULL = YES;
				CLANG_ANALYZER_NUMBER_OBJECT_CONVERSION = YES_AGGRESSIVE;
				CLANG_CXX_LANGUAGE_STANDARD = "gnu++14";
				CLANG_CXX_LIBRARY = "libc++";
				CLANG_ENABLE_MODULES = YES;
				CLANG_ENABLE_OBJC_ARC = YES;
				CLANG_ENABLE_OBJC_WEAK = YES;
				CLANG_WARN_BLOCK_CAPTURE_AUTORELEASING = YES;
				CLANG_WARN_BOOL_CONVERSION = YES;
				CLANG_WARN_COMMA = YES;
				CLANG_WARN_CONSTANT_CONVERSION = YES;
				CLANG_WARN_DEPRECATED_OBJC_IMPLEMENTATIONS = YES;
				CLANG_WARN_DIRECT_OBJC_ISA_USAGE = YES_ERROR;
				CLANG_WARN_DOCUMENTATION_COMMENTS = YES;
				CLANG_WARN_EMPTY_BODY = YES;
				CLANG_WARN_ENUM_CONVERSION = YES;
				CLANG_WARN_INFINITE_RECURSION = YES;
				CLANG_WARN_INT_CONVERSION = YES;
				CLANG_WARN_NON_LITERAL_NULL_CONVERSION = YES;
				CLANG_WARN_OBJC_IMPLICIT_RETAIN_SELF = YES;
				CLANG_WARN_OBJC_LITERAL_CONVERSION = YES;
				CLANG_WARN_OBJC_ROOT_CLASS = YES_ERROR;
				CLANG_WARN_QUOTED_INCLUDE_IN_FRAMEWORK_HEADER = YES;
				CLANG_WARN_RANGE_LOOP_ANALYSIS = YES;
				CLANG_WARN_STRICT_PROTOTYPES = YES;
				CLANG_WARN_SUSPICIOUS_MOVE = YES;
				CLANG_WARN_UNGUARDED_AVAILABILITY = YES_AGGRESSIVE;
				CLANG_WARN_UNREACHABLE_CODE = YES;
				CLANG_WARN__DUPLICATE_METHOD_MATCH = YES;
				COPY_PHASE_STRIP = NO;
				DEBUG_INFORMATION_FORMAT = "dwarf-with-dsym";
				ENABLE_NS_ASSERTIONS = NO;
				ENABLE_STRICT_OBJC_MSGSEND = YES;
				GCC_C_LANGUAGE_STANDARD = gnu11;
				GCC_NO_COMMON_BLOCKS = YES;
				GCC_WARN_64_TO_32_BIT_CONVERSION = YES;
				GCC_WARN_ABOUT_RETURN_TYPE = YES_ERROR;
				GCC_WARN_UNDECLARED_SELECTOR = YES;
				GCC_WARN_UNINITIALIZED_AUTOS = YES_AGGRESSIVE;
				GCC_WARN_UNUSED_FUNCTION = YES;
				GCC_WARN_UNUSED_VARIABLE = YES;
				IPHONEOS_DEPLOYMENT_TARGET = 13.0;
				MTL_ENABLE_DEBUG_INFO = NO;
				MTL_FAST_MATH = YES;
				SDKROOT = iphoneos;
				SWIFT_COMPILATION_MODE = wholemodule;
				SWIFT_OPTIMIZATION_LEVEL = "-O";
				VALIDATE_PRODUCT = YES;
			};
			name = Release;
		};
		872319C82581EB6000AECA57 /* Debug */ = {
			isa = XCBuildConfiguration;
			baseConfigurationReference = F097CAC9A2CBF9F8903DE0ED /* Pods-Motivator.debug.xcconfig */;
			buildSettings = {
				ASSETCATALOG_COMPILER_APPICON_NAME = AppIcon;
				ASSETCATALOG_COMPILER_GLOBAL_ACCENT_COLOR_NAME = AccentColor;
				CODE_SIGN_STYLE = Automatic;
				INFOPLIST_FILE = Motivator/Info.plist;
				LD_RUNPATH_SEARCH_PATHS = (
					"$(inherited)",
					"@executable_path/Frameworks",
				);
				PRODUCT_BUNDLE_IDENTIFIER = Anshul.Motivator;
				PRODUCT_NAME = "$(TARGET_NAME)";
				SWIFT_VERSION = 5.0;
				TARGETED_DEVICE_FAMILY = "1,2";
			};
			name = Debug;
		};
		872319C92581EB6000AECA57 /* Release */ = {
			isa = XCBuildConfiguration;
			baseConfigurationReference = B2571460B8DC99F8218C1E33 /* Pods-Motivator.release.xcconfig */;
			buildSettings = {
				ASSETCATALOG_COMPILER_APPICON_NAME = AppIcon;
				ASSETCATALOG_COMPILER_GLOBAL_ACCENT_COLOR_NAME = AccentColor;
				CODE_SIGN_STYLE = Automatic;
				INFOPLIST_FILE = Motivator/Info.plist;
				LD_RUNPATH_SEARCH_PATHS = (
					"$(inherited)",
					"@executable_path/Frameworks",
				);
				PRODUCT_BUNDLE_IDENTIFIER = Anshul.Motivator;
				PRODUCT_NAME = "$(TARGET_NAME)";
				SWIFT_VERSION = 5.0;
				TARGETED_DEVICE_FAMILY = "1,2";
			};
			name = Release;
		};
/* End XCBuildConfiguration section */

/* Begin XCConfigurationList section */
		872319AE2581EB5E00AECA57 /* Build configuration list for PBXProject "Motivator" */ = {
			isa = XCConfigurationList;
			buildConfigurations = (
				872319C52581EB6000AECA57 /* Debug */,
				872319C62581EB6000AECA57 /* Release */,
			);
			defaultConfigurationIsVisible = 0;
			defaultConfigurationName = Release;
		};
		872319C72581EB6000AECA57 /* Build configuration list for PBXNativeTarget "Motivator" */ = {
			isa = XCConfigurationList;
			buildConfigurations = (
				872319C82581EB6000AECA57 /* Debug */,
				872319C92581EB6000AECA57 /* Release */,
			);
			defaultConfigurationIsVisible = 0;
			defaultConfigurationName = Release;
		};
/* End XCConfigurationList section */

/* Begin XCRemoteSwiftPackageReference section */
		8711C9582585AB2000E09941 /* XCRemoteSwiftPackageReference "Alamofire" */ = {
			isa = XCRemoteSwiftPackageReference;
			repositoryURL = "https://github.com/Alamofire/Alamofire";
			requirement = {
				kind = upToNextMinorVersion;
				minimumVersion = 5.4.0;
			};
		};
		872319CB2581EEC900AECA57 /* XCRemoteSwiftPackageReference "Conduit" */ = {
			isa = XCRemoteSwiftPackageReference;
			repositoryURL = "https://github.com/mindbody/Conduit.git";
			requirement = {
				kind = upToNextMinorVersion;
				minimumVersion = 0.22.0;
			};
		};
		872319E92581FA5A00AECA57 /* XCRemoteSwiftPackageReference "SideMenu" */ = {
			isa = XCRemoteSwiftPackageReference;
			repositoryURL = "https://github.com/jonkykong/SideMenu.git";
			requirement = {
				kind = upToNextMinorVersion;
				minimumVersion = 6.5.0;
			};
		};
		872319F02582058F00AECA57 /* XCRemoteSwiftPackageReference "Cosmos" */ = {
			isa = XCRemoteSwiftPackageReference;
			repositoryURL = "https://github.com/evgenyneu/Cosmos";
			requirement = {
				kind = upToNextMinorVersion;
				minimumVersion = 23.0.0;
			};
		};
		87B6ED622584068800EE8694 /* XCRemoteSwiftPackageReference "socket" */ = {
			isa = XCRemoteSwiftPackageReference;
			repositoryURL = "https://github.com/socketio/socket.io-client-swift";
			requirement = {
				kind = upToNextMinorVersion;
				minimumVersion = 15.2.0;
			};
		};
		87E12F8E258361D10010B6D4 /* XCRemoteSwiftPackageReference "SwiftEntryKit" */ = {
			isa = XCRemoteSwiftPackageReference;
			repositoryURL = "https://github.com/huri000/SwiftEntryKit";
			requirement = {
				kind = upToNextMinorVersion;
				minimumVersion = 1.2.6;
			};
		};
		D3141E7C2586396E008EEF0C /* XCRemoteSwiftPackageReference "JGProgressHUD" */ = {
			isa = XCRemoteSwiftPackageReference;
			repositoryURL = "https://github.com/JonasGessner/JGProgressHUD";
			requirement = {
				kind = upToNextMajorVersion;
				minimumVersion = 2.2.0;
			};
		};
/* End XCRemoteSwiftPackageReference section */

/* Begin XCSwiftPackageProductDependency section */
		8711C9592585AB2000E09941 /* Alamofire */ = {
			isa = XCSwiftPackageProductDependency;
			package = 8711C9582585AB2000E09941 /* XCRemoteSwiftPackageReference "Alamofire" */;
			productName = Alamofire;
		};
		872319CC2581EEC900AECA57 /* Conduit */ = {
			isa = XCSwiftPackageProductDependency;
			package = 872319CB2581EEC900AECA57 /* XCRemoteSwiftPackageReference "Conduit" */;
			productName = Conduit;
		};
		872319EA2581FA5A00AECA57 /* SideMenu */ = {
			isa = XCSwiftPackageProductDependency;
			package = 872319E92581FA5A00AECA57 /* XCRemoteSwiftPackageReference "SideMenu" */;
			productName = SideMenu;
		};
		872319F12582058F00AECA57 /* Cosmos */ = {
			isa = XCSwiftPackageProductDependency;
			package = 872319F02582058F00AECA57 /* XCRemoteSwiftPackageReference "Cosmos" */;
			productName = Cosmos;
		};
		87B6ED632584068800EE8694 /* SocketIO */ = {
			isa = XCSwiftPackageProductDependency;
			package = 87B6ED622584068800EE8694 /* XCRemoteSwiftPackageReference "socket" */;
			productName = SocketIO;
		};
		87E12F8F258361D10010B6D4 /* SwiftEntryKit */ = {
			isa = XCSwiftPackageProductDependency;
			package = 87E12F8E258361D10010B6D4 /* XCRemoteSwiftPackageReference "SwiftEntryKit" */;
			productName = SwiftEntryKit;
		};
		D3141E7D2586396E008EEF0C /* JGProgressHUD */ = {
			isa = XCSwiftPackageProductDependency;
			package = D3141E7C2586396E008EEF0C /* XCRemoteSwiftPackageReference "JGProgressHUD" */;
			productName = JGProgressHUD;
		};
/* End XCSwiftPackageProductDependency section */
	};
	rootObject = 872319AB2581EB5E00AECA57 /* Project object */;
}
